
Microsoft Visual Studio Solution File, Format Version 12.00
# Visual Studio Version 16
VisualStudioVersion = 16.0.30309.148
MinimumVisualStudioVersion = 10.0.40219.1
Project("{FAE04EC0-301F-11D3-BF4B-00C04F79EFBC}") = "Event_demo", "Event_demo\Event_demo.csproj", "{397518F8-243C-4EBC-AAB4-54B3C421E56F}"
EndProject
Global
	GlobalSection(SolutionConfigurationPlatforms) = preSolution
		Debug|Any CPU = Debug|Any CPU
		Release|Any CPU = Release|Any CPU
	EndGlobalSection
	GlobalSection(ProjectConfigurationPlatforms) = postSolution
		{397518F8-243C-4EBC-AAB4-54B3C421E56F}.Debug|Any CPU.ActiveCfg = Debug|Any CPU
		{397518F8-243C-4EBC-AAB4-54B3C421E56F}.Debug|Any CPU.Build.0 = Debug|Any CPU
		{397518F8-243C-4EBC-AAB4-54B3C421E56F}.Release|Any CPU.ActiveCfg = Release|Any CPU
		{397518F8-243C-4EBC-AAB4-54B3C421E56F}.Release|Any CPU.Build.0 = Release|Any CPU
	EndGlobalSection
	GlobalSection(SolutionProperties) = preSolution
		HideSolutionNode = FALSE
	EndGlobalSection
	GlobalSection(ExtensibilityGlobals) = postSolution
		SolutionGuid = {2ED68FEE-FC9F-4658-8567-CF7F643C0627}
	EndGlobalSection
EndGlobal
