
Microsoft Visual Studio Solution File, Format Version 12.00
# Visual Studio Version 16
VisualStudioVersion = 16.0.30309.148
MinimumVisualStudioVersion = 10.0.40219.1
Project("{FAE04EC0-301F-11D3-BF4B-00C04F79EFBC}") = "Loop", "Loop\Loop.csproj", "{8F7AB34A-A2DD-4BDC-A4F4-24C3F6CC3287}"
EndProject
Global
	GlobalSection(SolutionConfigurationPlatforms) = preSolution
		Debug|Any CPU = Debug|Any CPU
		Release|Any CPU = Release|Any CPU
	EndGlobalSection
	GlobalSection(ProjectConfigurationPlatforms) = postSolution
		{8F7AB34A-A2DD-4BDC-A4F4-24C3F6CC3287}.Debug|Any CPU.ActiveCfg = Debug|Any CPU
		{8F7AB34A-A2DD-4BDC-A4F4-24C3F6CC3287}.Debug|Any CPU.Build.0 = Debug|Any CPU
		{8F7AB34A-A2DD-4BDC-A4F4-24C3F6CC3287}.Release|Any CPU.ActiveCfg = Release|Any CPU
		{8F7AB34A-A2DD-4BDC-A4F4-24C3F6CC3287}.Release|Any CPU.Build.0 = Release|Any CPU
	EndGlobalSection
	GlobalSection(SolutionProperties) = preSolution
		HideSolutionNode = FALSE
	EndGlobalSection
	GlobalSection(ExtensibilityGlobals) = postSolution
		SolutionGuid = {A5A9FD4E-6594-40E7-A72C-1604FDD58D86}
	EndGlobalSection
EndGlobal
