
Microsoft Visual Studio Solution File, Format Version 12.00
# Visual Studio Version 16
VisualStudioVersion = 16.0.30309.148
MinimumVisualStudioVersion = 10.0.40219.1
Project("{FAE04EC0-301F-11D3-BF4B-00C04F79EFBC}") = "Dictionary", "Dictionary\Dictionary.csproj", "{83427A47-369B-4F1E-A248-BD62A78AE847}"
EndProject
Global
	GlobalSection(SolutionConfigurationPlatforms) = preSolution
		Debug|Any CPU = Debug|Any CPU
		Release|Any CPU = Release|Any CPU
	EndGlobalSection
	GlobalSection(ProjectConfigurationPlatforms) = postSolution
		{83427A47-369B-4F1E-A248-BD62A78AE847}.Debug|Any CPU.ActiveCfg = Debug|Any CPU
		{83427A47-369B-4F1E-A248-BD62A78AE847}.Debug|Any CPU.Build.0 = Debug|Any CPU
		{83427A47-369B-4F1E-A248-BD62A78AE847}.Release|Any CPU.ActiveCfg = Release|Any CPU
		{83427A47-369B-4F1E-A248-BD62A78AE847}.Release|Any CPU.Build.0 = Release|Any CPU
	EndGlobalSection
	GlobalSection(SolutionProperties) = preSolution
		HideSolutionNode = FALSE
	EndGlobalSection
	GlobalSection(ExtensibilityGlobals) = postSolution
		SolutionGuid = {C863FA5A-BAC8-4777-94AC-DC9A30B0778B}
	EndGlobalSection
EndGlobal
