
Microsoft Visual Studio Solution File, Format Version 12.00
# Visual Studio Version 16
VisualStudioVersion = 16.0.30309.148
MinimumVisualStudioVersion = 10.0.40219.1
Project("{FAE04EC0-301F-11D3-BF4B-00C04F79EFBC}") = "Array", "Array\Array.csproj", "{5266185D-B945-48AC-8972-1852DAB7D373}"
EndProject
Global
	GlobalSection(SolutionConfigurationPlatforms) = preSolution
		Debug|Any CPU = Debug|Any CPU
		Release|Any CPU = Release|Any CPU
	EndGlobalSection
	GlobalSection(ProjectConfigurationPlatforms) = postSolution
		{5266185D-B945-48AC-8972-1852DAB7D373}.Debug|Any CPU.ActiveCfg = Debug|Any CPU
		{5266185D-B945-48AC-8972-1852DAB7D373}.Debug|Any CPU.Build.0 = Debug|Any CPU
		{5266185D-B945-48AC-8972-1852DAB7D373}.Release|Any CPU.ActiveCfg = Release|Any CPU
		{5266185D-B945-48AC-8972-1852DAB7D373}.Release|Any CPU.Build.0 = Release|Any CPU
	EndGlobalSection
	GlobalSection(SolutionProperties) = preSolution
		HideSolutionNode = FALSE
	EndGlobalSection
	GlobalSection(ExtensibilityGlobals) = postSolution
		SolutionGuid = {5E10193B-287C-4756-9126-333D6A9F0BF3}
	EndGlobalSection
EndGlobal
