
Microsoft Visual Studio Solution File, Format Version 12.00
# Visual Studio Version 16
VisualStudioVersion = 16.0.30309.148
MinimumVisualStudioVersion = 10.0.40219.1
Project("{FAE04EC0-301F-11D3-BF4B-00C04F79EFBC}") = "List", "List\List.csproj", "{06CD3EA1-626D-488E-BC50-04A51D30B63D}"
EndProject
Global
	GlobalSection(SolutionConfigurationPlatforms) = preSolution
		Debug|Any CPU = Debug|Any CPU
		Release|Any CPU = Release|Any CPU
	EndGlobalSection
	GlobalSection(ProjectConfigurationPlatforms) = postSolution
		{06CD3EA1-626D-488E-BC50-04A51D30B63D}.Debug|Any CPU.ActiveCfg = Debug|Any CPU
		{06CD3EA1-626D-488E-BC50-04A51D30B63D}.Debug|Any CPU.Build.0 = Debug|Any CPU
		{06CD3EA1-626D-488E-BC50-04A51D30B63D}.Release|Any CPU.ActiveCfg = Release|Any CPU
		{06CD3EA1-626D-488E-BC50-04A51D30B63D}.Release|Any CPU.Build.0 = Release|Any CPU
	EndGlobalSection
	GlobalSection(SolutionProperties) = preSolution
		HideSolutionNode = FALSE
	EndGlobalSection
	GlobalSection(ExtensibilityGlobals) = postSolution
		SolutionGuid = {8B81FA32-1FB5-44CA-B30A-6AD2A38FA17C}
	EndGlobalSection
EndGlobal
