
Microsoft Visual Studio Solution File, Format Version 12.00
# Visual Studio Version 16
VisualStudioVersion = 16.0.30309.148
MinimumVisualStudioVersion = 10.0.40219.1
Project("{FAE04EC0-301F-11D3-BF4B-00C04F79EFBC}") = "Internal_access_modifier", "Internal_access_modifier\Internal_access_modifier.csproj", "{FBA5E7C2-8BA7-4F92-B233-E61E96C9B384}"
EndProject
Global
	GlobalSection(SolutionConfigurationPlatforms) = preSolution
		Debug|Any CPU = Debug|Any CPU
		Release|Any CPU = Release|Any CPU
	EndGlobalSection
	GlobalSection(ProjectConfigurationPlatforms) = postSolution
		{FBA5E7C2-8BA7-4F92-B233-E61E96C9B384}.Debug|Any CPU.ActiveCfg = Debug|Any CPU
		{FBA5E7C2-8BA7-4F92-B233-E61E96C9B384}.Debug|Any CPU.Build.0 = Debug|Any CPU
		{FBA5E7C2-8BA7-4F92-B233-E61E96C9B384}.Release|Any CPU.ActiveCfg = Release|Any CPU
		{FBA5E7C2-8BA7-4F92-B233-E61E96C9B384}.Release|Any CPU.Build.0 = Release|Any CPU
	EndGlobalSection
	GlobalSection(SolutionProperties) = preSolution
		HideSolutionNode = FALSE
	EndGlobalSection
	GlobalSection(ExtensibilityGlobals) = postSolution
		SolutionGuid = {F0228F8A-CCE3-47DC-B12E-982DB1753C36}
	EndGlobalSection
EndGlobal
